{
  "version": "3",
  "packages": {
    "specifiers": {
      "npm:@noble/curves@1.4.0": "npm:@noble/curves@1.4.0",
      "npm:@noble/curves@^1.4.0": "npm:@noble/curves@1.4.2",
      "npm:@noble/hashes@1.4.0": "npm:@noble/hashes@1.4.0",
      "npm:@noble/hashes@^1.4.0": "npm:@noble/hashes@1.4.0",
      "npm:@scure/base@1.1.7": "npm:@scure/base@1.1.7",
      "npm:@scure/base@^1.1.6": "npm:@scure/base@1.1.7",
      "npm:@types/debug@^4.1.8": "npm:@types/debug@4.1.12",
      "npm:debug@4.3.5": "npm:debug@4.3.5",
      "npm:debug@^4.3.4": "npm:debug@4.3.5",
      "npm:eventemitter3@5.0.1": "npm:eventemitter3@5.0.1",
      "npm:eventemitter3@^5.0.1": "npm:eventemitter3@5.0.1",
      "npm:light-bolt11-decoder@3.1.1": "npm:light-bolt11-decoder@3.1.1",
      "npm:light-bolt11-decoder@^3.0.0": "npm:light-bolt11-decoder@3.1.1",
      "npm:typescript@^5.2.2": "npm:typescript@5.5.3"
    },
    "npm": {
      "@noble/curves@1.4.0": {
        "integrity": "sha512-p+4cb332SFCrReJkCYe8Xzm0OWi4Jji5jVdIZRL/PmacmDkFNw6MrrV+gGpiPxLHbV+zKFRywUWbaseT+tZRXg==",
        "dependencies": {
          "@noble/hashes": "@noble/hashes@1.4.0"
        }
      },
      "@noble/curves@1.4.2": {
        "integrity": "sha512-TavHr8qycMChk8UwMld0ZDRvatedkzWfH8IiaeGCfymOP5i0hSCozz9vHOL0nkwk7HRMlFnAiKpS2jrUmSybcw==",
        "dependencies": {
          "@noble/hashes": "@noble/hashes@1.4.0"
        }
      },
      "@noble/hashes@1.4.0": {
        "integrity": "sha512-V1JJ1WTRUqHHrOSh597hURcMqVKVGL/ea3kv0gSnEdsEZ0/+VyPghM1lMNGc00z7CIQorSvbKpuJkxvuHbvdbg==",
        "dependencies": {}
      },
      "@scure/base@1.1.1": {
        "integrity": "sha512-ZxOhsSyxYwLJj3pLZCefNitxsj093tb2vq90mp2txoYeBqbcjDjqFhyM8eUjq/uFm6zJ+mUuqxlS2FkuSY1MTA==",
        "dependencies": {}
      },
      "@scure/base@1.1.7": {
        "integrity": "sha512-PPNYBslrLNNUQ/Yad37MHYsNQtK67EhWb6WtSvNLLPo7SdVZgkUjD6Dg+5On7zNwmskf8OX7I7Nx5oN+MIWE0g==",
        "dependencies": {}
      },
      "@types/debug@4.1.12": {
        "integrity": "sha512-vIChWdVG3LG1SMxEvI/AK+FWJthlrqlTu7fbrlywTkkaONwk/UAGaULXRlf8vkzFBLVm0zkMdCquhL5aOjhXPQ==",
        "dependencies": {
          "@types/ms": "@types/ms@0.7.34"
        }
      },
      "@types/ms@0.7.34": {
        "integrity": "sha512-nG96G3Wp6acyAgJqGasjODb+acrI7KltPiRxzHPXnP3NgI28bpQDRv53olbqGXbfcgF5aiiHmO3xpwEpS5Ld9g==",
        "dependencies": {}
      },
      "debug@4.3.5": {
        "integrity": "sha512-pt0bNEmneDIvdL1Xsd9oDQ/wrQRkXDT4AUWlNZNPKvW5x/jyO9VFXkJUP07vQ2upmw5PlaITaPKc31jK13V+jg==",
        "dependencies": {
          "ms": "ms@2.1.2"
        }
      },
      "eventemitter3@5.0.1": {
        "integrity": "sha512-GWkBvjiSZK87ELrYOSESUYeVIc9mvLLf/nXalMOS5dYrgZq9o5OVkbZAVM06CVxYsCwH9BDZFPlQTlPA1j4ahA==",
        "dependencies": {}
      },
      "light-bolt11-decoder@3.1.1": {
        "integrity": "sha512-sLg/KCwYkgsHWkefWd6KqpCHrLFWWaXTOX3cf6yD2hAzL0SLpX+lFcaFK2spkjbgzG6hhijKfORDc9WoUHwX0A==",
        "dependencies": {
          "@scure/base": "@scure/base@1.1.1"
        }
      },
      "ms@2.1.2": {
        "integrity": "sha512-sGkPx+VjMtmA6MX27oA4FBFELFCZZ4S4XqeGOXCv68tT+jb3vk/RyaKWP0PTKyWtmLSM0b+adUTEvbs1PEaH2w==",
        "dependencies": {}
      },
      "typescript@5.5.3": {
        "integrity": "sha512-/hreyEujaB0w76zKo6717l3L0o/qEUtRgdvUBvlkhoWeOVMjMuHNHk0BRBzikzuGDqNmPQbg5ifMEqsHLiIUcQ==",
        "dependencies": {}
      }
    }
  },
  "remote": {},
  "workspace": {
    "packageJson": {
      "dependencies": [
        "npm:@noble/curves@^1.4.0",
        "npm:@noble/hashes@^1.4.0",
        "npm:@scure/base@^1.1.6",
        "npm:@types/debug@^4.1.8",
        "npm:debug@^4.3.4",
        "npm:eventemitter3@^5.0.1",
        "npm:light-bolt11-decoder@^3.0.0",
        "npm:typescript@^5.2.2"
      ]
    }
  }
}
